
Microsoft Visual Studio Solution File, Format Version 12.00
Project("{FAE04EC0-301F-11D3-BF4B-00C04F79EFBC}") = "FrostyCmd", "FrostyCmd\FrostyCmd.csproj", "{990663D6-619A-46C3-ADFA-68208FF24465}"
EndProject
Project("{FAE04EC0-301F-11D3-BF4B-00C04F79EFBC}") = "FrostySdk", "FrostySdk\FrostySdk.csproj", "{8A2EBD94-9430-4F02-9FEA-7EC0B182A10F}"
EndProject
Project("{FAE04EC0-301F-11D3-BF4B-00C04F79EFBC}") = "FrostyModSupport", "FrostyModSupport\FrostyModSupport.csproj", "{FA870B91-F40B-4B94-9DAB-D8A12F772E0E}"
EndProject
Project("{FAE04EC0-301F-11D3-BF4B-00C04F79EFBC}") = "FrostyTypeSdkGenerator", "FrostyTypeSdkGenerator\FrostyTypeSdkGenerator\FrostyTypeSdkGenerator.csproj", "{D3E71AB3-3E6A-416B-8EDE-0EB25C071A48}"
EndProject
Project("{FAE04EC0-301F-11D3-BF4B-00C04F79EFBC}") = "FrostyTypeSdkGenerator.Example", "FrostyTypeSdkGenerator\FrostyTypeSdkGenerator.Example\FrostyTypeSdkGenerator.Example.csproj", "{4ADD34F4-906E-48BE-AACE-29A26C6E9D4E}"
EndProject
Project("{FAE04EC0-301F-11D3-BF4B-00C04F79EFBC}") = "FrostySdkTest", "FrostySdkTest\FrostySdkTest.csproj", "{0D68BF68-5166-4995-BBAF-4D0257A9DB38}"
EndProject
Project("{FAE04EC0-301F-11D3-BF4B-00C04F79EFBC}") = "FrostyEditor", "FrostyEditor\FrostyEditor.csproj", "{691E26AC-EF5E-4138-B18B-F1E75AEB6C8C}"
EndProject
Global
	GlobalSection(SolutionConfigurationPlatforms) = preSolution
		Debug|Any CPU = Debug|Any CPU
		Release|Any CPU = Release|Any CPU
	EndGlobalSection
	GlobalSection(ProjectConfigurationPlatforms) = postSolution
		{990663D6-619A-46C3-ADFA-68208FF24465}.Debug|Any CPU.ActiveCfg = Debug|Any CPU
		{990663D6-619A-46C3-ADFA-68208FF24465}.Debug|Any CPU.Build.0 = Debug|Any CPU
		{990663D6-619A-46C3-ADFA-68208FF24465}.Release|Any CPU.ActiveCfg = Release|Any CPU
		{990663D6-619A-46C3-ADFA-68208FF24465}.Release|Any CPU.Build.0 = Release|Any CPU
		{8A2EBD94-9430-4F02-9FEA-7EC0B182A10F}.Debug|Any CPU.ActiveCfg = Debug|Any CPU
		{8A2EBD94-9430-4F02-9FEA-7EC0B182A10F}.Debug|Any CPU.Build.0 = Debug|Any CPU
		{8A2EBD94-9430-4F02-9FEA-7EC0B182A10F}.Release|Any CPU.ActiveCfg = Release|Any CPU
		{8A2EBD94-9430-4F02-9FEA-7EC0B182A10F}.Release|Any CPU.Build.0 = Release|Any CPU
		{FA870B91-F40B-4B94-9DAB-D8A12F772E0E}.Debug|Any CPU.ActiveCfg = Debug|Any CPU
		{FA870B91-F40B-4B94-9DAB-D8A12F772E0E}.Debug|Any CPU.Build.0 = Debug|Any CPU
		{FA870B91-F40B-4B94-9DAB-D8A12F772E0E}.Release|Any CPU.ActiveCfg = Release|Any CPU
		{FA870B91-F40B-4B94-9DAB-D8A12F772E0E}.Release|Any CPU.Build.0 = Release|Any CPU
		{D3E71AB3-3E6A-416B-8EDE-0EB25C071A48}.Debug|Any CPU.ActiveCfg = Debug|Any CPU
		{D3E71AB3-3E6A-416B-8EDE-0EB25C071A48}.Debug|Any CPU.Build.0 = Debug|Any CPU
		{D3E71AB3-3E6A-416B-8EDE-0EB25C071A48}.Release|Any CPU.ActiveCfg = Release|Any CPU
		{D3E71AB3-3E6A-416B-8EDE-0EB25C071A48}.Release|Any CPU.Build.0 = Release|Any CPU
		{4ADD34F4-906E-48BE-AACE-29A26C6E9D4E}.Debug|Any CPU.ActiveCfg = Debug|Any CPU
		{4ADD34F4-906E-48BE-AACE-29A26C6E9D4E}.Debug|Any CPU.Build.0 = Debug|Any CPU
		{4ADD34F4-906E-48BE-AACE-29A26C6E9D4E}.Release|Any CPU.ActiveCfg = Release|Any CPU
		{4ADD34F4-906E-48BE-AACE-29A26C6E9D4E}.Release|Any CPU.Build.0 = Release|Any CPU
		{0D68BF68-5166-4995-BBAF-4D0257A9DB38}.Debug|Any CPU.ActiveCfg = Debug|Any CPU
		{0D68BF68-5166-4995-BBAF-4D0257A9DB38}.Debug|Any CPU.Build.0 = Debug|Any CPU
		{0D68BF68-5166-4995-BBAF-4D0257A9DB38}.Release|Any CPU.ActiveCfg = Release|Any CPU
		{0D68BF68-5166-4995-BBAF-4D0257A9DB38}.Release|Any CPU.Build.0 = Release|Any CPU
		{691E26AC-EF5E-4138-B18B-F1E75AEB6C8C}.Debug|Any CPU.ActiveCfg = Debug|Any CPU
		{691E26AC-EF5E-4138-B18B-F1E75AEB6C8C}.Debug|Any CPU.Build.0 = Debug|Any CPU
		{691E26AC-EF5E-4138-B18B-F1E75AEB6C8C}.Release|Any CPU.ActiveCfg = Release|Any CPU
		{691E26AC-EF5E-4138-B18B-F1E75AEB6C8C}.Release|Any CPU.Build.0 = Release|Any CPU
	EndGlobalSection
EndGlobal
