
Microsoft Visual Studio Solution File, Format Version 12.00
# Visual Studio Version 16
VisualStudioVersion = 16.0.29911.84
MinimumVisualStudioVersion = 10.0.40219.1
Project("{FAE04EC0-301F-11D3-BF4B-00C04F79EFBC}") = "FrostyEditor", "FrostyEditor.csproj", "{355B078B-45A5-472D-9CCD-688D8E30BAED}"
	ProjectSection(ProjectDependencies) = postProject
		{5FDD1243-084E-42DC-99BB-394A169D988F} = {5FDD1243-084E-42DC-99BB-394A169D988F}
		{29189DBC-1D9C-4760-960E-805B60211401} = {29189DBC-1D9C-4760-960E-805B60211401}
	EndProjectSection
EndProject
Project("{FAE04EC0-301F-11D3-BF4B-00C04F79EFBC}") = "FrostySdk", "..\FrostySdk\FrostySdk.csproj", "{93FB4A0C-DF89-4169-80B5-C4E2277FF7A0}"
EndProject
Project("{FAE04EC0-301F-11D3-BF4B-00C04F79EFBC}") = "FrostyModManager", "..\FrostyModManager\FrostyModManager.csproj", "{B72B292F-1309-4205-A3FC-3E4EA584CDE8}"
EndProject
Project("{FAE04EC0-301F-11D3-BF4B-00C04F79EFBC}") = "FrostyControls", "..\FrostyControls\FrostyControls.csproj", "{51D3305B-48D0-4D4C-9D64-727185420EAC}"
EndProject
Project("{FAE04EC0-301F-11D3-BF4B-00C04F79EFBC}") = "FrostyModSupport", "..\FrostyModSupport\FrostyModSupport.csproj", "{E703B059-36F3-4EBF-8F86-32561BC47DCB}"
EndProject
Project("{8BC9CEB8-8B4A-11D0-8D11-00A0C91BC942}") = "FrostyHash", "..\FrostyHash\FrostyHash.vcxproj", "{D1A29BF8-2E2E-47BE-845F-A6DD66D175BA}"
EndProject
Project("{8BC9CEB8-8B4A-11D0-8D11-00A0C91BC942}") = "FrostyShaders", "..\Shaders\FrostyShaders.vcxproj", "{CB97B27B-6604-43CE-97AA-8B349617928E}"
EndProject
Project("{FAE04EC0-301F-11D3-BF4B-00C04F79EFBC}") = "FrostyCore", "..\FrostyPlugin\FrostyCore.csproj", "{D86D23D9-DB93-4D4E-B383-5022F759ABA8}"
EndProject
Project("{2150E333-8FDC-42A3-9474-1A3956D46DE8}") = "Plugins", "Plugins", "{492048B6-848D-4675-A9BF-34A4751303F2}"
EndProject
Project("{9A19103F-16F7-4668-BE54-9A1E7A4F7556}") = "VersionDataPlugin", "..\Plugins\VersionDataPlugin\VersionDataPlugin.csproj", "{29189DBC-1D9C-4760-960E-805B60211401}"
EndProject
Project("{9A19103F-16F7-4668-BE54-9A1E7A4F7556}") = "SoundEditorPlugin", "..\Plugins\SoundEditorPlugin\SoundEditorPlugin.csproj", "{5FDD1243-084E-42DC-99BB-394A169D988F}"
EndProject
Project("{9A19103F-16F7-4668-BE54-9A1E7A4F7556}") = "LegacyBigFilePlugin", "..\Plugins\Fifa\LegacyBigFilePlugin\LegacyBigFilePlugin.csproj", "{3EBC36B1-024A-44EB-B0DB-607DD7FCEE6C}"
EndProject
Project("{2150E333-8FDC-42A3-9474-1A3956D46DE8}") = "Fifa", "Fifa", "{B8E215D1-2B8D-4843-841B-92EE1FFBF487}"
EndProject
Project("{9A19103F-16F7-4668-BE54-9A1E7A4F7556}") = "BlankPlugin", "..\Plugins\BlankPlugin\BlankPlugin.csproj", "{4B612468-9B6A-4304-88A5-055C3575EB3D}"
EndProject
Project("{9A19103F-16F7-4668-BE54-9A1E7A4F7556}") = "LegacyKitPreviewPlugin", "..\Plugins\Fifa\LegacyKitPreviewPlugin\LegacyKitPreviewPlugin.csproj", "{A2D3114B-9FAA-4D22-9125-2C03BDE6408B}"
EndProject
Project("{9A19103F-16F7-4668-BE54-9A1E7A4F7556}") = "LegacyDatabasePlugin", "..\Plugins\Fifa\LegacyDatabasePlugin\LegacyDatabasePlugin.csproj", "{0AB616AC-7CDB-43E7-9A11-1527513D4BC1}"
EndProject
Project("{9A19103F-16F7-4668-BE54-9A1E7A4F7556}") = "LegacyTextPlugin", "..\Plugins\Fifa\LegacyTextPlugin\LegacyTextPlugin.csproj", "{2D766A08-96B7-41E2-BA5B-593B41BA2C68}"
EndProject
Project("{9A19103F-16F7-4668-BE54-9A1E7A4F7556}") = "LegacyDdsPlugin", "..\Plugins\Fifa\LegacyDdsPlugin\LegacyDdsPlugin.csproj", "{11380487-42A8-4591-A7D1-2A8B97C2691E}"
EndProject
Project("{9A19103F-16F7-4668-BE54-9A1E7A4F7556}") = "ConversationPlugin", "..\Plugins\ConversationPlugin\ConversationPlugin.csproj", "{DE2C1882-B1C0-4E96-82EF-C44BAD7618B9}"
EndProject
Project("{9A19103F-16F7-4668-BE54-9A1E7A4F7556}") = "DelayLoadBundlePlugin", "..\Plugins\DelayLoadBundlePlugin\DelayLoadBundlePlugin.csproj", "{92819366-9759-40A6-BF14-215DCB401C43}"
EndProject
Project("{9A19103F-16F7-4668-BE54-9A1E7A4F7556}") = "AtlasTexturePlugin", "..\Plugins\AtlasTexturePlugin\AtlasTexturePlugin.csproj", "{2C1E1655-8314-48CE-A4A9-926042987492}"
EndProject
Project("{9A19103F-16F7-4668-BE54-9A1E7A4F7556}") = "LuaPlugin", "..\Plugins\LuaPlugin\LuaPlugin.csproj", "{9F7D3869-6036-4A87-A690-47A79462589A}"
EndProject
Project("{9A19103F-16F7-4668-BE54-9A1E7A4F7556}") = "LocalizedStringPlugin", "..\Plugins\LocalizedStringPlugin\LocalizedStringPlugin.csproj", "{9CECA009-83F2-4667-98C5-C6C2204FC56B}"
EndProject
Project("{9A19103F-16F7-4668-BE54-9A1E7A4F7556}") = "ChunkResEditorPlugin", "..\Plugins\ChunkResExplorerPlugin\ChunkResEditorPlugin.csproj", "{644B0609-9B25-4D54-BDC9-E3C602487981}"
EndProject
Project("{9A19103F-16F7-4668-BE54-9A1E7A4F7556}") = "EbxToXmlPlugin", "..\Plugins\EbxToXmlPlugin\EbxToXmlPlugin.csproj", "{4A4CF97E-C380-4A61-AFCA-72ADF7008E2E}"
EndProject
Project("{9A19103F-16F7-4668-BE54-9A1E7A4F7556}") = "TexturePlugin", "..\Plugins\TexturePlugin\TexturePlugin.csproj", "{A5C604C2-F88C-47D8-995D-FE15266EDD0E}"
EndProject
Project("{9A19103F-16F7-4668-BE54-9A1E7A4F7556}") = "MeshSetPlugin", "..\Plugins\MeshSetPlugin\MeshSetPlugin.csproj", "{31FB80CC-D822-4FBF-98CF-9E987AC71817}"
EndProject
Project("{9A19103F-16F7-4668-BE54-9A1E7A4F7556}") = "SvgImagePlugin", "..\Plugins\SvgImagePlugin\SvgImagePlugin.csproj", "{AC8B2062-B0A3-4ED0-87C9-D25F3BC77D98}"
EndProject
Project("{9A19103F-16F7-4668-BE54-9A1E7A4F7556}") = "ObjectVariationPlugin", "..\Plugins\ObjectVariationPlugin\ObjectVariationPlugin.csproj", "{0F593023-2F5C-443C-B36D-D3C978051006}"
EndProject
Project("{9A19103F-16F7-4668-BE54-9A1E7A4F7556}") = "IesResourcePlugin", "..\Plugins\IesResourcePlugin\IesResourcePlugin.csproj", "{89FDF735-BFEA-4442-8F3E-EAAFAB8B383D}"
EndProject
Project("{9A19103F-16F7-4668-BE54-9A1E7A4F7556}") = "LegacyLocalizedStringsPlugin", "..\Plugins\Fifa\LegacyLocalizedStringsPlugin\LegacyLocalizedStringsPlugin.csproj", "{32FB5181-E840-4CD9-90EF-D76272BDA860}"
EndProject
Project("{9A19103F-16F7-4668-BE54-9A1E7A4F7556}") = "FsLocalizationPlugin", "..\Plugins\FsLocalizationPlugin\FsLocalizationPlugin.csproj", "{765493A2-5153-4A21-BE5D-B5549265DC0B}"
EndProject
Project("{9A19103F-16F7-4668-BE54-9A1E7A4F7556}") = "BiowareLocalizationPlugin", "..\Plugins\BiowareLocalizationPlugin\BiowareLocalizationPlugin.csproj", "{E02E0D3F-A73F-4875-B85D-2FC9144553EA}"
EndProject
Project("{9A19103F-16F7-4668-BE54-9A1E7A4F7556}") = "RefreshMeshVariationsPlugin", "..\Plugins\RefreshMeshVariationsPlugin\RefreshMeshVariationsPlugin.csproj", "{D5F78564-2D21-46A7-8B55-A6A791517AF1}"
EndProject
Project("{9A19103F-16F7-4668-BE54-9A1E7A4F7556}") = "TestPlugin", "..\Plugins\TestPlugin\TestPlugin.csproj", "{309697C5-62F9-4FB8-98D2-EB0528BE0AE5}"
EndProject
Project("{9A19103F-16F7-4668-BE54-9A1E7A4F7556}") = "ConnectionPlugin", "..\Plugins\ConnectionPlugin\ConnectionPlugin.csproj", "{79FBD402-C22F-482F-B289-85D7FD44DCCF}"
EndProject
Project("{9A19103F-16F7-4668-BE54-9A1E7A4F7556}") = "TypeExplorerPlugin", "..\Plugins\TypeExplorerPlugin\TypeExplorerPlugin.csproj", "{7C21EF26-CE4F-4FB0-812E-6862A9CDA7A3}"
EndProject
Project("{9A19103F-16F7-4668-BE54-9A1E7A4F7556}") = "BundleEditorPlugin", "..\Plugins\BundleEditorPlugin\BundleEditorPlugin.csproj", "{712463CE-5B7D-4F61-B760-00012BC9174A}"
EndProject
Project("{9A19103F-16F7-4668-BE54-9A1E7A4F7556}") = "DuplicationPlugin", "..\Plugins\DuplicationPlugin\DuplicationPlugin.csproj", "{21444577-C2B3-46BE-B914-EAEF25C6331F}"
EndProject
Project("{9A19103F-16F7-4668-BE54-9A1E7A4F7556}") = "ReferencesPlugin", "..\Plugins\ReferencesPlugin\ReferencesPlugin.csproj", "{B1FE3166-BBD2-4112-8618-1C5587E32CC4}"
EndProject
Project("{9A19103F-16F7-4668-BE54-9A1E7A4F7556}") = "RootInstanceEntriesPlugin", "..\Plugins\RootInstanceEntriesPlugin\RootInstanceEntriesPlugin.csproj", "{FE2D780C-8FBC-4797-9ACD-05DE2507F1AA}"
EndProject
Project("{9A19103F-16F7-4668-BE54-9A1E7A4F7556}") = "LaunchPlatformPlugin", "..\Plugins\LaunchPlatformPlugin\LaunchPlatformPlugin.csproj", "{7F280BF3-F794-4715-9D32-770D36454B8C}"
EndProject
Project("{FAE04EC0-301F-11D3-BF4B-00C04F79EFBC}") = "FrostyCmd", "..\FrostyCmd\FrostyCmd.csproj", "{500ACAB7-D948-4BCA-8208-20812D712DDB}"
EndProject
Global
	GlobalSection(SolutionConfigurationPlatforms) = preSolution
		Developer - Debug|x64 = Developer - Debug|x64
		Release - Alpha|x64 = Release - Alpha|x64
		Release - Beta|x64 = Release - Beta|x64
		Release - Final|x64 = Release - Final|x64
		Release|x64 = Release|x64
	EndGlobalSection
	GlobalSection(ProjectConfigurationPlatforms) = postSolution
		{355B078B-45A5-472D-9CCD-688D8E30BAED}.Developer - Debug|x64.ActiveCfg = Developer - Debug|x64
		{355B078B-45A5-472D-9CCD-688D8E30BAED}.Developer - Debug|x64.Build.0 = Developer - Debug|x64
		{355B078B-45A5-472D-9CCD-688D8E30BAED}.Release - Alpha|x64.ActiveCfg = Release - Alpha|x64
		{355B078B-45A5-472D-9CCD-688D8E30BAED}.Release - Alpha|x64.Build.0 = Release - Alpha|x64
		{355B078B-45A5-472D-9CCD-688D8E30BAED}.Release - Beta|x64.ActiveCfg = Release - Beta|x64
		{355B078B-45A5-472D-9CCD-688D8E30BAED}.Release - Beta|x64.Build.0 = Release - Beta|x64
		{355B078B-45A5-472D-9CCD-688D8E30BAED}.Release - Final|x64.ActiveCfg = Release - Final|x64
		{355B078B-45A5-472D-9CCD-688D8E30BAED}.Release - Final|x64.Build.0 = Release - Final|x64
		{355B078B-45A5-472D-9CCD-688D8E30BAED}.Release|x64.ActiveCfg = Release - Final|x64
		{355B078B-45A5-472D-9CCD-688D8E30BAED}.Release|x64.Build.0 = Release - Final|x64
		{93FB4A0C-DF89-4169-80B5-C4E2277FF7A0}.Developer - Debug|x64.ActiveCfg = Developer - Debug|x64
		{93FB4A0C-DF89-4169-80B5-C4E2277FF7A0}.Developer - Debug|x64.Build.0 = Developer - Debug|x64
		{93FB4A0C-DF89-4169-80B5-C4E2277FF7A0}.Release - Alpha|x64.ActiveCfg = Release - Alpha|x64
		{93FB4A0C-DF89-4169-80B5-C4E2277FF7A0}.Release - Alpha|x64.Build.0 = Release - Alpha|x64
		{93FB4A0C-DF89-4169-80B5-C4E2277FF7A0}.Release - Beta|x64.ActiveCfg = Release - Beta|x64
		{93FB4A0C-DF89-4169-80B5-C4E2277FF7A0}.Release - Beta|x64.Build.0 = Release - Beta|x64
		{93FB4A0C-DF89-4169-80B5-C4E2277FF7A0}.Release - Final|x64.ActiveCfg = Release - Final|x64
		{93FB4A0C-DF89-4169-80B5-C4E2277FF7A0}.Release - Final|x64.Build.0 = Release - Final|x64
		{93FB4A0C-DF89-4169-80B5-C4E2277FF7A0}.Release|x64.ActiveCfg = Release - Final|x64
		{93FB4A0C-DF89-4169-80B5-C4E2277FF7A0}.Release|x64.Build.0 = Release - Final|x64
		{B72B292F-1309-4205-A3FC-3E4EA584CDE8}.Developer - Debug|x64.ActiveCfg = Developer - Debug|x64
		{B72B292F-1309-4205-A3FC-3E4EA584CDE8}.Developer - Debug|x64.Build.0 = Developer - Debug|x64
		{B72B292F-1309-4205-A3FC-3E4EA584CDE8}.Release - Alpha|x64.ActiveCfg = Release - Alpha|x64
		{B72B292F-1309-4205-A3FC-3E4EA584CDE8}.Release - Alpha|x64.Build.0 = Release - Alpha|x64
		{B72B292F-1309-4205-A3FC-3E4EA584CDE8}.Release - Beta|x64.ActiveCfg = Release - Beta|x64
		{B72B292F-1309-4205-A3FC-3E4EA584CDE8}.Release - Beta|x64.Build.0 = Release - Beta|x64
		{B72B292F-1309-4205-A3FC-3E4EA584CDE8}.Release - Final|x64.ActiveCfg = Release - Final|x64
		{B72B292F-1309-4205-A3FC-3E4EA584CDE8}.Release - Final|x64.Build.0 = Release - Final|x64
		{B72B292F-1309-4205-A3FC-3E4EA584CDE8}.Release|x64.ActiveCfg = Release - Final|x64
		{B72B292F-1309-4205-A3FC-3E4EA584CDE8}.Release|x64.Build.0 = Release - Final|x64
		{51D3305B-48D0-4D4C-9D64-727185420EAC}.Developer - Debug|x64.ActiveCfg = Developer - Debug|x64
		{51D3305B-48D0-4D4C-9D64-727185420EAC}.Developer - Debug|x64.Build.0 = Developer - Debug|x64
		{51D3305B-48D0-4D4C-9D64-727185420EAC}.Release - Alpha|x64.ActiveCfg = Release - Alpha|x64
		{51D3305B-48D0-4D4C-9D64-727185420EAC}.Release - Alpha|x64.Build.0 = Release - Alpha|x64
		{51D3305B-48D0-4D4C-9D64-727185420EAC}.Release - Beta|x64.ActiveCfg = Release - Beta|x64
		{51D3305B-48D0-4D4C-9D64-727185420EAC}.Release - Beta|x64.Build.0 = Release - Beta|x64
		{51D3305B-48D0-4D4C-9D64-727185420EAC}.Release - Final|x64.ActiveCfg = Release - Final|x64
		{51D3305B-48D0-4D4C-9D64-727185420EAC}.Release - Final|x64.Build.0 = Release - Final|x64
		{51D3305B-48D0-4D4C-9D64-727185420EAC}.Release|x64.ActiveCfg = Release - Final|x64
		{51D3305B-48D0-4D4C-9D64-727185420EAC}.Release|x64.Build.0 = Release - Final|x64
		{E703B059-36F3-4EBF-8F86-32561BC47DCB}.Developer - Debug|x64.ActiveCfg = Developer - Debug|x64
		{E703B059-36F3-4EBF-8F86-32561BC47DCB}.Developer - Debug|x64.Build.0 = Developer - Debug|x64
		{E703B059-36F3-4EBF-8F86-32561BC47DCB}.Release - Alpha|x64.ActiveCfg = Release - Alpha|x64
		{E703B059-36F3-4EBF-8F86-32561BC47DCB}.Release - Alpha|x64.Build.0 = Release - Alpha|x64
		{E703B059-36F3-4EBF-8F86-32561BC47DCB}.Release - Beta|x64.ActiveCfg = Release - Beta|x64
		{E703B059-36F3-4EBF-8F86-32561BC47DCB}.Release - Beta|x64.Build.0 = Release - Beta|x64
		{E703B059-36F3-4EBF-8F86-32561BC47DCB}.Release - Final|x64.ActiveCfg = Release - Final|x64
		{E703B059-36F3-4EBF-8F86-32561BC47DCB}.Release - Final|x64.Build.0 = Release - Final|x64
		{E703B059-36F3-4EBF-8F86-32561BC47DCB}.Release|x64.ActiveCfg = Release - Final|x64
		{E703B059-36F3-4EBF-8F86-32561BC47DCB}.Release|x64.Build.0 = Release - Final|x64
		{D1A29BF8-2E2E-47BE-845F-A6DD66D175BA}.Developer - Debug|x64.ActiveCfg = Developer - Debug|x64
		{D1A29BF8-2E2E-47BE-845F-A6DD66D175BA}.Developer - Debug|x64.Build.0 = Developer - Debug|x64
		{D1A29BF8-2E2E-47BE-845F-A6DD66D175BA}.Release - Alpha|x64.ActiveCfg = Release - Alpha|x64
		{D1A29BF8-2E2E-47BE-845F-A6DD66D175BA}.Release - Alpha|x64.Build.0 = Release - Alpha|x64
		{D1A29BF8-2E2E-47BE-845F-A6DD66D175BA}.Release - Beta|x64.ActiveCfg = Release - Beta|x64
		{D1A29BF8-2E2E-47BE-845F-A6DD66D175BA}.Release - Beta|x64.Build.0 = Release - Beta|x64
		{D1A29BF8-2E2E-47BE-845F-A6DD66D175BA}.Release - Final|x64.ActiveCfg = Release - Final|x64
		{D1A29BF8-2E2E-47BE-845F-A6DD66D175BA}.Release - Final|x64.Build.0 = Release - Final|x64
		{D1A29BF8-2E2E-47BE-845F-A6DD66D175BA}.Release|x64.ActiveCfg = Release - Final|x64
		{D1A29BF8-2E2E-47BE-845F-A6DD66D175BA}.Release|x64.Build.0 = Release - Final|x64
		{CB97B27B-6604-43CE-97AA-8B349617928E}.Developer - Debug|x64.ActiveCfg = Debug|x64
		{CB97B27B-6604-43CE-97AA-8B349617928E}.Developer - Debug|x64.Build.0 = Debug|x64
		{CB97B27B-6604-43CE-97AA-8B349617928E}.Release - Alpha|x64.ActiveCfg = Release|x64
		{CB97B27B-6604-43CE-97AA-8B349617928E}.Release - Alpha|x64.Build.0 = Release|x64
		{CB97B27B-6604-43CE-97AA-8B349617928E}.Release - Beta|x64.ActiveCfg = Release|x64
		{CB97B27B-6604-43CE-97AA-8B349617928E}.Release - Beta|x64.Build.0 = Release|x64
		{CB97B27B-6604-43CE-97AA-8B349617928E}.Release - Final|x64.ActiveCfg = Release|x64
		{CB97B27B-6604-43CE-97AA-8B349617928E}.Release - Final|x64.Build.0 = Release|x64
		{CB97B27B-6604-43CE-97AA-8B349617928E}.Release|x64.ActiveCfg = Release|x64
		{CB97B27B-6604-43CE-97AA-8B349617928E}.Release|x64.Build.0 = Release|x64
		{D86D23D9-DB93-4D4E-B383-5022F759ABA8}.Developer - Debug|x64.ActiveCfg = Developer - Debug|x64
		{D86D23D9-DB93-4D4E-B383-5022F759ABA8}.Developer - Debug|x64.Build.0 = Developer - Debug|x64
		{D86D23D9-DB93-4D4E-B383-5022F759ABA8}.Release - Alpha|x64.ActiveCfg = Release - Alpha|x64
		{D86D23D9-DB93-4D4E-B383-5022F759ABA8}.Release - Alpha|x64.Build.0 = Release - Alpha|x64
		{D86D23D9-DB93-4D4E-B383-5022F759ABA8}.Release - Beta|x64.ActiveCfg = Release - Beta|x64
		{D86D23D9-DB93-4D4E-B383-5022F759ABA8}.Release - Beta|x64.Build.0 = Release - Beta|x64
		{D86D23D9-DB93-4D4E-B383-5022F759ABA8}.Release - Final|x64.ActiveCfg = Release - Final|x64
		{D86D23D9-DB93-4D4E-B383-5022F759ABA8}.Release - Final|x64.Build.0 = Release - Final|x64
		{D86D23D9-DB93-4D4E-B383-5022F759ABA8}.Release|x64.ActiveCfg = Release - Final|x64
		{D86D23D9-DB93-4D4E-B383-5022F759ABA8}.Release|x64.Build.0 = Release - Final|x64
		{29189DBC-1D9C-4760-960E-805B60211401}.Developer - Debug|x64.ActiveCfg = Developer - Debug|x64
		{29189DBC-1D9C-4760-960E-805B60211401}.Developer - Debug|x64.Build.0 = Developer - Debug|x64
		{29189DBC-1D9C-4760-960E-805B60211401}.Release - Alpha|x64.ActiveCfg = Release - Alpha|x64
		{29189DBC-1D9C-4760-960E-805B60211401}.Release - Alpha|x64.Build.0 = Release - Alpha|x64
		{29189DBC-1D9C-4760-960E-805B60211401}.Release - Beta|x64.ActiveCfg = Release - Beta|x64
		{29189DBC-1D9C-4760-960E-805B60211401}.Release - Beta|x64.Build.0 = Release - Beta|x64
		{29189DBC-1D9C-4760-960E-805B60211401}.Release - Final|x64.ActiveCfg = Release - Final|x64
		{29189DBC-1D9C-4760-960E-805B60211401}.Release - Final|x64.Build.0 = Release - Final|x64
		{29189DBC-1D9C-4760-960E-805B60211401}.Release|x64.ActiveCfg = Release - Final|x64
		{29189DBC-1D9C-4760-960E-805B60211401}.Release|x64.Build.0 = Release - Final|x64
		{5FDD1243-084E-42DC-99BB-394A169D988F}.Developer - Debug|x64.ActiveCfg = Developer - Debug|x64
		{5FDD1243-084E-42DC-99BB-394A169D988F}.Developer - Debug|x64.Build.0 = Developer - Debug|x64
		{5FDD1243-084E-42DC-99BB-394A169D988F}.Release - Alpha|x64.ActiveCfg = Release - Alpha|x64
		{5FDD1243-084E-42DC-99BB-394A169D988F}.Release - Alpha|x64.Build.0 = Release - Alpha|x64
		{5FDD1243-084E-42DC-99BB-394A169D988F}.Release - Beta|x64.ActiveCfg = Release - Beta|x64
		{5FDD1243-084E-42DC-99BB-394A169D988F}.Release - Beta|x64.Build.0 = Release - Beta|x64
		{5FDD1243-084E-42DC-99BB-394A169D988F}.Release - Final|x64.ActiveCfg = Release - Final|x64
		{5FDD1243-084E-42DC-99BB-394A169D988F}.Release - Final|x64.Build.0 = Release - Final|x64
		{5FDD1243-084E-42DC-99BB-394A169D988F}.Release|x64.ActiveCfg = Release - Final|x64
		{5FDD1243-084E-42DC-99BB-394A169D988F}.Release|x64.Build.0 = Release - Final|x64
		{3EBC36B1-024A-44EB-B0DB-607DD7FCEE6C}.Developer - Debug|x64.ActiveCfg = Developer - Debug|x64
		{3EBC36B1-024A-44EB-B0DB-607DD7FCEE6C}.Developer - Debug|x64.Build.0 = Developer - Debug|x64
		{3EBC36B1-024A-44EB-B0DB-607DD7FCEE6C}.Release - Alpha|x64.ActiveCfg = Release - Alpha|x64
		{3EBC36B1-024A-44EB-B0DB-607DD7FCEE6C}.Release - Alpha|x64.Build.0 = Release - Alpha|x64
		{3EBC36B1-024A-44EB-B0DB-607DD7FCEE6C}.Release - Beta|x64.ActiveCfg = Release - Beta|x64
		{3EBC36B1-024A-44EB-B0DB-607DD7FCEE6C}.Release - Beta|x64.Build.0 = Release - Beta|x64
		{3EBC36B1-024A-44EB-B0DB-607DD7FCEE6C}.Release - Final|x64.ActiveCfg = Release - Final|x64
		{3EBC36B1-024A-44EB-B0DB-607DD7FCEE6C}.Release - Final|x64.Build.0 = Release - Final|x64
		{3EBC36B1-024A-44EB-B0DB-607DD7FCEE6C}.Release|x64.ActiveCfg = Release - Final|x64
		{3EBC36B1-024A-44EB-B0DB-607DD7FCEE6C}.Release|x64.Build.0 = Release - Final|x64
		{4B612468-9B6A-4304-88A5-055C3575EB3D}.Developer - Debug|x64.ActiveCfg = Developer - Debug|x64
		{4B612468-9B6A-4304-88A5-055C3575EB3D}.Developer - Debug|x64.Build.0 = Developer - Debug|x64
		{4B612468-9B6A-4304-88A5-055C3575EB3D}.Release - Alpha|x64.ActiveCfg = Release - Alpha|x64
		{4B612468-9B6A-4304-88A5-055C3575EB3D}.Release - Alpha|x64.Build.0 = Release - Alpha|x64
		{4B612468-9B6A-4304-88A5-055C3575EB3D}.Release - Beta|x64.ActiveCfg = Release - Beta|x64
		{4B612468-9B6A-4304-88A5-055C3575EB3D}.Release - Beta|x64.Build.0 = Release - Beta|x64
		{4B612468-9B6A-4304-88A5-055C3575EB3D}.Release - Final|x64.ActiveCfg = Release - Final|x64
		{4B612468-9B6A-4304-88A5-055C3575EB3D}.Release - Final|x64.Build.0 = Release - Final|x64
		{4B612468-9B6A-4304-88A5-055C3575EB3D}.Release|x64.ActiveCfg = Release - Final|x64
		{4B612468-9B6A-4304-88A5-055C3575EB3D}.Release|x64.Build.0 = Release - Final|x64
		{A2D3114B-9FAA-4D22-9125-2C03BDE6408B}.Developer - Debug|x64.ActiveCfg = Developer - Debug|x64
		{A2D3114B-9FAA-4D22-9125-2C03BDE6408B}.Developer - Debug|x64.Build.0 = Developer - Debug|x64
		{A2D3114B-9FAA-4D22-9125-2C03BDE6408B}.Release - Alpha|x64.ActiveCfg = Release - Alpha|x64
		{A2D3114B-9FAA-4D22-9125-2C03BDE6408B}.Release - Alpha|x64.Build.0 = Release - Alpha|x64
		{A2D3114B-9FAA-4D22-9125-2C03BDE6408B}.Release - Beta|x64.ActiveCfg = Release - Beta|x64
		{A2D3114B-9FAA-4D22-9125-2C03BDE6408B}.Release - Beta|x64.Build.0 = Release - Beta|x64
		{A2D3114B-9FAA-4D22-9125-2C03BDE6408B}.Release - Final|x64.ActiveCfg = Release - Final|x64
		{A2D3114B-9FAA-4D22-9125-2C03BDE6408B}.Release - Final|x64.Build.0 = Release - Final|x64
		{A2D3114B-9FAA-4D22-9125-2C03BDE6408B}.Release|x64.ActiveCfg = Release - Final|x64
		{A2D3114B-9FAA-4D22-9125-2C03BDE6408B}.Release|x64.Build.0 = Release - Final|x64
		{0AB616AC-7CDB-43E7-9A11-1527513D4BC1}.Developer - Debug|x64.ActiveCfg = Developer - Debug|x64
		{0AB616AC-7CDB-43E7-9A11-1527513D4BC1}.Developer - Debug|x64.Build.0 = Developer - Debug|x64
		{0AB616AC-7CDB-43E7-9A11-1527513D4BC1}.Release - Alpha|x64.ActiveCfg = Release - Alpha|x64
		{0AB616AC-7CDB-43E7-9A11-1527513D4BC1}.Release - Alpha|x64.Build.0 = Release - Alpha|x64
		{0AB616AC-7CDB-43E7-9A11-1527513D4BC1}.Release - Beta|x64.ActiveCfg = Release - Beta|x64
		{0AB616AC-7CDB-43E7-9A11-1527513D4BC1}.Release - Beta|x64.Build.0 = Release - Beta|x64
		{0AB616AC-7CDB-43E7-9A11-1527513D4BC1}.Release - Final|x64.ActiveCfg = Release - Final|x64
		{0AB616AC-7CDB-43E7-9A11-1527513D4BC1}.Release - Final|x64.Build.0 = Release - Final|x64
		{0AB616AC-7CDB-43E7-9A11-1527513D4BC1}.Release|x64.ActiveCfg = Release - Final|x64
		{0AB616AC-7CDB-43E7-9A11-1527513D4BC1}.Release|x64.Build.0 = Release - Final|x64
		{2D766A08-96B7-41E2-BA5B-593B41BA2C68}.Developer - Debug|x64.ActiveCfg = Developer - Debug|x64
		{2D766A08-96B7-41E2-BA5B-593B41BA2C68}.Developer - Debug|x64.Build.0 = Developer - Debug|x64
		{2D766A08-96B7-41E2-BA5B-593B41BA2C68}.Release - Alpha|x64.ActiveCfg = Release - Alpha|x64
		{2D766A08-96B7-41E2-BA5B-593B41BA2C68}.Release - Alpha|x64.Build.0 = Release - Alpha|x64
		{2D766A08-96B7-41E2-BA5B-593B41BA2C68}.Release - Beta|x64.ActiveCfg = Release - Beta|x64
		{2D766A08-96B7-41E2-BA5B-593B41BA2C68}.Release - Beta|x64.Build.0 = Release - Beta|x64
		{2D766A08-96B7-41E2-BA5B-593B41BA2C68}.Release - Final|x64.ActiveCfg = Release - Final|x64
		{2D766A08-96B7-41E2-BA5B-593B41BA2C68}.Release - Final|x64.Build.0 = Release - Final|x64
		{2D766A08-96B7-41E2-BA5B-593B41BA2C68}.Release|x64.ActiveCfg = Release - Final|x64
		{2D766A08-96B7-41E2-BA5B-593B41BA2C68}.Release|x64.Build.0 = Release - Final|x64
		{11380487-42A8-4591-A7D1-2A8B97C2691E}.Developer - Debug|x64.ActiveCfg = Developer - Debug|x64
		{11380487-42A8-4591-A7D1-2A8B97C2691E}.Developer - Debug|x64.Build.0 = Developer - Debug|x64
		{11380487-42A8-4591-A7D1-2A8B97C2691E}.Release - Alpha|x64.ActiveCfg = Release - Alpha|x64
		{11380487-42A8-4591-A7D1-2A8B97C2691E}.Release - Alpha|x64.Build.0 = Release - Alpha|x64
		{11380487-42A8-4591-A7D1-2A8B97C2691E}.Release - Beta|x64.ActiveCfg = Release - Beta|x64
		{11380487-42A8-4591-A7D1-2A8B97C2691E}.Release - Beta|x64.Build.0 = Release - Beta|x64
		{11380487-42A8-4591-A7D1-2A8B97C2691E}.Release - Final|x64.ActiveCfg = Release - Final|x64
		{11380487-42A8-4591-A7D1-2A8B97C2691E}.Release - Final|x64.Build.0 = Release - Final|x64
		{11380487-42A8-4591-A7D1-2A8B97C2691E}.Release|x64.ActiveCfg = Release - Final|x64
		{11380487-42A8-4591-A7D1-2A8B97C2691E}.Release|x64.Build.0 = Release - Final|x64
		{DE2C1882-B1C0-4E96-82EF-C44BAD7618B9}.Developer - Debug|x64.ActiveCfg = Developer - Debug|x64
		{DE2C1882-B1C0-4E96-82EF-C44BAD7618B9}.Developer - Debug|x64.Build.0 = Developer - Debug|x64
		{DE2C1882-B1C0-4E96-82EF-C44BAD7618B9}.Release - Alpha|x64.ActiveCfg = Release - Alpha|x64
		{DE2C1882-B1C0-4E96-82EF-C44BAD7618B9}.Release - Alpha|x64.Build.0 = Release - Alpha|x64
		{DE2C1882-B1C0-4E96-82EF-C44BAD7618B9}.Release - Beta|x64.ActiveCfg = Release - Beta|x64
		{DE2C1882-B1C0-4E96-82EF-C44BAD7618B9}.Release - Beta|x64.Build.0 = Release - Beta|x64
		{DE2C1882-B1C0-4E96-82EF-C44BAD7618B9}.Release - Final|x64.ActiveCfg = Release - Final|x64
		{DE2C1882-B1C0-4E96-82EF-C44BAD7618B9}.Release - Final|x64.Build.0 = Release - Final|x64
		{DE2C1882-B1C0-4E96-82EF-C44BAD7618B9}.Release|x64.ActiveCfg = Release - Final|x64
		{DE2C1882-B1C0-4E96-82EF-C44BAD7618B9}.Release|x64.Build.0 = Release - Final|x64
		{92819366-9759-40A6-BF14-215DCB401C43}.Developer - Debug|x64.ActiveCfg = Developer - Debug|x64
		{92819366-9759-40A6-BF14-215DCB401C43}.Developer - Debug|x64.Build.0 = Developer - Debug|x64
		{92819366-9759-40A6-BF14-215DCB401C43}.Release - Alpha|x64.ActiveCfg = Release - Alpha|x64
		{92819366-9759-40A6-BF14-215DCB401C43}.Release - Alpha|x64.Build.0 = Release - Alpha|x64
		{92819366-9759-40A6-BF14-215DCB401C43}.Release - Beta|x64.ActiveCfg = Release - Beta|x64
		{92819366-9759-40A6-BF14-215DCB401C43}.Release - Beta|x64.Build.0 = Release - Beta|x64
		{92819366-9759-40A6-BF14-215DCB401C43}.Release - Final|x64.ActiveCfg = Release - Final|x64
		{92819366-9759-40A6-BF14-215DCB401C43}.Release - Final|x64.Build.0 = Release - Final|x64
		{92819366-9759-40A6-BF14-215DCB401C43}.Release|x64.ActiveCfg = Release - Final|x64
		{92819366-9759-40A6-BF14-215DCB401C43}.Release|x64.Build.0 = Release - Final|x64
		{2C1E1655-8314-48CE-A4A9-926042987492}.Developer - Debug|x64.ActiveCfg = Developer - Debug|x64
		{2C1E1655-8314-48CE-A4A9-926042987492}.Developer - Debug|x64.Build.0 = Developer - Debug|x64
		{2C1E1655-8314-48CE-A4A9-926042987492}.Release - Alpha|x64.ActiveCfg = Release - Alpha|x64
		{2C1E1655-8314-48CE-A4A9-926042987492}.Release - Alpha|x64.Build.0 = Release - Alpha|x64
		{2C1E1655-8314-48CE-A4A9-926042987492}.Release - Beta|x64.ActiveCfg = Release - Beta|x64
		{2C1E1655-8314-48CE-A4A9-926042987492}.Release - Beta|x64.Build.0 = Release - Beta|x64
		{2C1E1655-8314-48CE-A4A9-926042987492}.Release - Final|x64.ActiveCfg = Release - Final|x64
		{2C1E1655-8314-48CE-A4A9-926042987492}.Release - Final|x64.Build.0 = Release - Final|x64
		{2C1E1655-8314-48CE-A4A9-926042987492}.Release|x64.ActiveCfg = Release - Final|x64
		{2C1E1655-8314-48CE-A4A9-926042987492}.Release|x64.Build.0 = Release - Final|x64
		{9F7D3869-6036-4A87-A690-47A79462589A}.Developer - Debug|x64.ActiveCfg = Developer - Debug|x64
		{9F7D3869-6036-4A87-A690-47A79462589A}.Developer - Debug|x64.Build.0 = Developer - Debug|x64
		{9F7D3869-6036-4A87-A690-47A79462589A}.Release - Alpha|x64.ActiveCfg = Release - Alpha|x64
		{9F7D3869-6036-4A87-A690-47A79462589A}.Release - Alpha|x64.Build.0 = Release - Alpha|x64
		{9F7D3869-6036-4A87-A690-47A79462589A}.Release - Beta|x64.ActiveCfg = Release - Beta|x64
		{9F7D3869-6036-4A87-A690-47A79462589A}.Release - Beta|x64.Build.0 = Release - Beta|x64
		{9F7D3869-6036-4A87-A690-47A79462589A}.Release - Final|x64.ActiveCfg = Release - Final|x64
		{9F7D3869-6036-4A87-A690-47A79462589A}.Release - Final|x64.Build.0 = Release - Final|x64
		{9F7D3869-6036-4A87-A690-47A79462589A}.Release|x64.ActiveCfg = Release - Final|x64
		{9F7D3869-6036-4A87-A690-47A79462589A}.Release|x64.Build.0 = Release - Final|x64
		{9CECA009-83F2-4667-98C5-C6C2204FC56B}.Developer - Debug|x64.ActiveCfg = Developer - Debug|x64
		{9CECA009-83F2-4667-98C5-C6C2204FC56B}.Developer - Debug|x64.Build.0 = Developer - Debug|x64
		{9CECA009-83F2-4667-98C5-C6C2204FC56B}.Release - Alpha|x64.ActiveCfg = Release - Alpha|x64
		{9CECA009-83F2-4667-98C5-C6C2204FC56B}.Release - Alpha|x64.Build.0 = Release - Alpha|x64
		{9CECA009-83F2-4667-98C5-C6C2204FC56B}.Release - Beta|x64.ActiveCfg = Release - Beta|x64
		{9CECA009-83F2-4667-98C5-C6C2204FC56B}.Release - Beta|x64.Build.0 = Release - Beta|x64
		{9CECA009-83F2-4667-98C5-C6C2204FC56B}.Release - Final|x64.ActiveCfg = Release - Final|x64
		{9CECA009-83F2-4667-98C5-C6C2204FC56B}.Release - Final|x64.Build.0 = Release - Final|x64
		{9CECA009-83F2-4667-98C5-C6C2204FC56B}.Release|x64.ActiveCfg = Release - Final|x64
		{9CECA009-83F2-4667-98C5-C6C2204FC56B}.Release|x64.Build.0 = Release - Final|x64
		{644B0609-9B25-4D54-BDC9-E3C602487981}.Developer - Debug|x64.ActiveCfg = Developer - Debug|x64
		{644B0609-9B25-4D54-BDC9-E3C602487981}.Developer - Debug|x64.Build.0 = Developer - Debug|x64
		{644B0609-9B25-4D54-BDC9-E3C602487981}.Release - Alpha|x64.ActiveCfg = Release - Alpha|x64
		{644B0609-9B25-4D54-BDC9-E3C602487981}.Release - Alpha|x64.Build.0 = Release - Alpha|x64
		{644B0609-9B25-4D54-BDC9-E3C602487981}.Release - Beta|x64.ActiveCfg = Release - Beta|x64
		{644B0609-9B25-4D54-BDC9-E3C602487981}.Release - Beta|x64.Build.0 = Release - Beta|x64
		{644B0609-9B25-4D54-BDC9-E3C602487981}.Release - Final|x64.ActiveCfg = Release - Final|x64
		{644B0609-9B25-4D54-BDC9-E3C602487981}.Release - Final|x64.Build.0 = Release - Final|x64
		{644B0609-9B25-4D54-BDC9-E3C602487981}.Release|x64.ActiveCfg = Release - Final|x64
		{644B0609-9B25-4D54-BDC9-E3C602487981}.Release|x64.Build.0 = Release - Final|x64
		{4A4CF97E-C380-4A61-AFCA-72ADF7008E2E}.Developer - Debug|x64.ActiveCfg = Developer - Debug|x64
		{4A4CF97E-C380-4A61-AFCA-72ADF7008E2E}.Developer - Debug|x64.Build.0 = Developer - Debug|x64
		{4A4CF97E-C380-4A61-AFCA-72ADF7008E2E}.Release - Alpha|x64.ActiveCfg = Release - Alpha|x64
		{4A4CF97E-C380-4A61-AFCA-72ADF7008E2E}.Release - Alpha|x64.Build.0 = Release - Alpha|x64
		{4A4CF97E-C380-4A61-AFCA-72ADF7008E2E}.Release - Beta|x64.ActiveCfg = Release - Beta|x64
		{4A4CF97E-C380-4A61-AFCA-72ADF7008E2E}.Release - Beta|x64.Build.0 = Release - Beta|x64
		{4A4CF97E-C380-4A61-AFCA-72ADF7008E2E}.Release - Final|x64.ActiveCfg = Release - Final|x64
		{4A4CF97E-C380-4A61-AFCA-72ADF7008E2E}.Release - Final|x64.Build.0 = Release - Final|x64
		{4A4CF97E-C380-4A61-AFCA-72ADF7008E2E}.Release|x64.ActiveCfg = Release - Final|x64
		{4A4CF97E-C380-4A61-AFCA-72ADF7008E2E}.Release|x64.Build.0 = Release - Final|x64
		{A5C604C2-F88C-47D8-995D-FE15266EDD0E}.Developer - Debug|x64.ActiveCfg = Developer - Debug|x64
		{A5C604C2-F88C-47D8-995D-FE15266EDD0E}.Developer - Debug|x64.Build.0 = Developer - Debug|x64
		{A5C604C2-F88C-47D8-995D-FE15266EDD0E}.Release - Alpha|x64.ActiveCfg = Release - Alpha|x64
		{A5C604C2-F88C-47D8-995D-FE15266EDD0E}.Release - Alpha|x64.Build.0 = Release - Alpha|x64
		{A5C604C2-F88C-47D8-995D-FE15266EDD0E}.Release - Beta|x64.ActiveCfg = Release - Beta|x64
		{A5C604C2-F88C-47D8-995D-FE15266EDD0E}.Release - Beta|x64.Build.0 = Release - Beta|x64
		{A5C604C2-F88C-47D8-995D-FE15266EDD0E}.Release - Final|x64.ActiveCfg = Release - Final|x64
		{A5C604C2-F88C-47D8-995D-FE15266EDD0E}.Release - Final|x64.Build.0 = Release - Final|x64
		{A5C604C2-F88C-47D8-995D-FE15266EDD0E}.Release|x64.ActiveCfg = Release - Final|x64
		{A5C604C2-F88C-47D8-995D-FE15266EDD0E}.Release|x64.Build.0 = Release - Final|x64
		{31FB80CC-D822-4FBF-98CF-9E987AC71817}.Developer - Debug|x64.ActiveCfg = Developer - Debug|x64
		{31FB80CC-D822-4FBF-98CF-9E987AC71817}.Developer - Debug|x64.Build.0 = Developer - Debug|x64
		{31FB80CC-D822-4FBF-98CF-9E987AC71817}.Release - Alpha|x64.ActiveCfg = Release - Alpha|x64
		{31FB80CC-D822-4FBF-98CF-9E987AC71817}.Release - Alpha|x64.Build.0 = Release - Alpha|x64
		{31FB80CC-D822-4FBF-98CF-9E987AC71817}.Release - Beta|x64.ActiveCfg = Release - Beta|x64
		{31FB80CC-D822-4FBF-98CF-9E987AC71817}.Release - Beta|x64.Build.0 = Release - Beta|x64
		{31FB80CC-D822-4FBF-98CF-9E987AC71817}.Release - Final|x64.ActiveCfg = Release - Final|x64
		{31FB80CC-D822-4FBF-98CF-9E987AC71817}.Release - Final|x64.Build.0 = Release - Final|x64
		{31FB80CC-D822-4FBF-98CF-9E987AC71817}.Release|x64.ActiveCfg = Release - Final|x64
		{31FB80CC-D822-4FBF-98CF-9E987AC71817}.Release|x64.Build.0 = Release - Final|x64
		{AC8B2062-B0A3-4ED0-87C9-D25F3BC77D98}.Developer - Debug|x64.ActiveCfg = Developer - Debug|x64
		{AC8B2062-B0A3-4ED0-87C9-D25F3BC77D98}.Developer - Debug|x64.Build.0 = Developer - Debug|x64
		{AC8B2062-B0A3-4ED0-87C9-D25F3BC77D98}.Release - Alpha|x64.ActiveCfg = Release - Alpha|x64
		{AC8B2062-B0A3-4ED0-87C9-D25F3BC77D98}.Release - Alpha|x64.Build.0 = Release - Alpha|x64
		{AC8B2062-B0A3-4ED0-87C9-D25F3BC77D98}.Release - Beta|x64.ActiveCfg = Release - Beta|x64
		{AC8B2062-B0A3-4ED0-87C9-D25F3BC77D98}.Release - Beta|x64.Build.0 = Release - Beta|x64
		{AC8B2062-B0A3-4ED0-87C9-D25F3BC77D98}.Release - Final|x64.ActiveCfg = Release - Final|x64
		{AC8B2062-B0A3-4ED0-87C9-D25F3BC77D98}.Release - Final|x64.Build.0 = Release - Final|x64
		{AC8B2062-B0A3-4ED0-87C9-D25F3BC77D98}.Release|x64.ActiveCfg = Release - Final|x64
		{AC8B2062-B0A3-4ED0-87C9-D25F3BC77D98}.Release|x64.Build.0 = Release - Final|x64
		{0F593023-2F5C-443C-B36D-D3C978051006}.Developer - Debug|x64.ActiveCfg = Developer - Debug|x64
		{0F593023-2F5C-443C-B36D-D3C978051006}.Developer - Debug|x64.Build.0 = Developer - Debug|x64
		{0F593023-2F5C-443C-B36D-D3C978051006}.Release - Alpha|x64.ActiveCfg = Release - Alpha|x64
		{0F593023-2F5C-443C-B36D-D3C978051006}.Release - Alpha|x64.Build.0 = Release - Alpha|x64
		{0F593023-2F5C-443C-B36D-D3C978051006}.Release - Beta|x64.ActiveCfg = Release - Beta|x64
		{0F593023-2F5C-443C-B36D-D3C978051006}.Release - Beta|x64.Build.0 = Release - Beta|x64
		{0F593023-2F5C-443C-B36D-D3C978051006}.Release - Final|x64.ActiveCfg = Release - Final|x64
		{0F593023-2F5C-443C-B36D-D3C978051006}.Release - Final|x64.Build.0 = Release - Final|x64
		{0F593023-2F5C-443C-B36D-D3C978051006}.Release|x64.ActiveCfg = Release - Final|x64
		{0F593023-2F5C-443C-B36D-D3C978051006}.Release|x64.Build.0 = Release - Final|x64
		{89FDF735-BFEA-4442-8F3E-EAAFAB8B383D}.Developer - Debug|x64.ActiveCfg = Developer - Debug|x64
		{89FDF735-BFEA-4442-8F3E-EAAFAB8B383D}.Developer - Debug|x64.Build.0 = Developer - Debug|x64
		{89FDF735-BFEA-4442-8F3E-EAAFAB8B383D}.Release - Alpha|x64.ActiveCfg = Release - Alpha|x64
		{89FDF735-BFEA-4442-8F3E-EAAFAB8B383D}.Release - Alpha|x64.Build.0 = Release - Alpha|x64
		{89FDF735-BFEA-4442-8F3E-EAAFAB8B383D}.Release - Beta|x64.ActiveCfg = Release - Beta|x64
		{89FDF735-BFEA-4442-8F3E-EAAFAB8B383D}.Release - Beta|x64.Build.0 = Release - Beta|x64
		{89FDF735-BFEA-4442-8F3E-EAAFAB8B383D}.Release - Final|x64.ActiveCfg = Release - Final|x64
		{89FDF735-BFEA-4442-8F3E-EAAFAB8B383D}.Release - Final|x64.Build.0 = Release - Final|x64
		{89FDF735-BFEA-4442-8F3E-EAAFAB8B383D}.Release|x64.ActiveCfg = Release - Final|x64
		{89FDF735-BFEA-4442-8F3E-EAAFAB8B383D}.Release|x64.Build.0 = Release - Final|x64
		{32FB5181-E840-4CD9-90EF-D76272BDA860}.Developer - Debug|x64.ActiveCfg = Developer - Debug|x64
		{32FB5181-E840-4CD9-90EF-D76272BDA860}.Developer - Debug|x64.Build.0 = Developer - Debug|x64
		{32FB5181-E840-4CD9-90EF-D76272BDA860}.Release - Alpha|x64.ActiveCfg = Release - Alpha|x64
		{32FB5181-E840-4CD9-90EF-D76272BDA860}.Release - Alpha|x64.Build.0 = Release - Alpha|x64
		{32FB5181-E840-4CD9-90EF-D76272BDA860}.Release - Beta|x64.ActiveCfg = Release - Beta|x64
		{32FB5181-E840-4CD9-90EF-D76272BDA860}.Release - Beta|x64.Build.0 = Release - Beta|x64
		{32FB5181-E840-4CD9-90EF-D76272BDA860}.Release - Final|x64.ActiveCfg = Release - Final|x64
		{32FB5181-E840-4CD9-90EF-D76272BDA860}.Release - Final|x64.Build.0 = Release - Final|x64
		{32FB5181-E840-4CD9-90EF-D76272BDA860}.Release|x64.ActiveCfg = Release - Final|x64
		{32FB5181-E840-4CD9-90EF-D76272BDA860}.Release|x64.Build.0 = Release - Final|x64
		{765493A2-5153-4A21-BE5D-B5549265DC0B}.Developer - Debug|x64.ActiveCfg = Developer - Debug|x64
		{765493A2-5153-4A21-BE5D-B5549265DC0B}.Developer - Debug|x64.Build.0 = Developer - Debug|x64
		{765493A2-5153-4A21-BE5D-B5549265DC0B}.Release - Alpha|x64.ActiveCfg = Release - Alpha|x64
		{765493A2-5153-4A21-BE5D-B5549265DC0B}.Release - Alpha|x64.Build.0 = Release - Alpha|x64
		{765493A2-5153-4A21-BE5D-B5549265DC0B}.Release - Beta|x64.ActiveCfg = Release - Beta|x64
		{765493A2-5153-4A21-BE5D-B5549265DC0B}.Release - Beta|x64.Build.0 = Release - Beta|x64
		{765493A2-5153-4A21-BE5D-B5549265DC0B}.Release - Final|x64.ActiveCfg = Release - Final|x64
		{765493A2-5153-4A21-BE5D-B5549265DC0B}.Release - Final|x64.Build.0 = Release - Final|x64
		{765493A2-5153-4A21-BE5D-B5549265DC0B}.Release|x64.ActiveCfg = Release - Final|x64
		{765493A2-5153-4A21-BE5D-B5549265DC0B}.Release|x64.Build.0 = Release - Final|x64
		{E02E0D3F-A73F-4875-B85D-2FC9144553EA}.Developer - Debug|x64.ActiveCfg = Developer - Debug|x64
		{E02E0D3F-A73F-4875-B85D-2FC9144553EA}.Developer - Debug|x64.Build.0 = Developer - Debug|x64
		{E02E0D3F-A73F-4875-B85D-2FC9144553EA}.Release - Alpha|x64.ActiveCfg = Release - Alpha|x64
		{E02E0D3F-A73F-4875-B85D-2FC9144553EA}.Release - Alpha|x64.Build.0 = Release - Alpha|x64
		{E02E0D3F-A73F-4875-B85D-2FC9144553EA}.Release - Beta|x64.ActiveCfg = Release - Beta|x64
		{E02E0D3F-A73F-4875-B85D-2FC9144553EA}.Release - Beta|x64.Build.0 = Release - Beta|x64
		{E02E0D3F-A73F-4875-B85D-2FC9144553EA}.Release - Final|x64.ActiveCfg = Release - Final|x64
		{E02E0D3F-A73F-4875-B85D-2FC9144553EA}.Release - Final|x64.Build.0 = Release - Final|x64
		{E02E0D3F-A73F-4875-B85D-2FC9144553EA}.Release|x64.ActiveCfg = Release - Final|x64
		{E02E0D3F-A73F-4875-B85D-2FC9144553EA}.Release|x64.Build.0 = Release - Final|x64
		{D5F78564-2D21-46A7-8B55-A6A791517AF1}.Developer - Debug|x64.ActiveCfg = Developer - Debug|x64
		{D5F78564-2D21-46A7-8B55-A6A791517AF1}.Developer - Debug|x64.Build.0 = Developer - Debug|x64
		{D5F78564-2D21-46A7-8B55-A6A791517AF1}.Release - Alpha|x64.ActiveCfg = Release - Alpha|x64
		{D5F78564-2D21-46A7-8B55-A6A791517AF1}.Release - Alpha|x64.Build.0 = Release - Alpha|x64
		{D5F78564-2D21-46A7-8B55-A6A791517AF1}.Release - Beta|x64.ActiveCfg = Release - Beta|x64
		{D5F78564-2D21-46A7-8B55-A6A791517AF1}.Release - Beta|x64.Build.0 = Release - Beta|x64
		{D5F78564-2D21-46A7-8B55-A6A791517AF1}.Release - Final|x64.ActiveCfg = Release - Final|x64
		{D5F78564-2D21-46A7-8B55-A6A791517AF1}.Release - Final|x64.Build.0 = Release - Final|x64
		{D5F78564-2D21-46A7-8B55-A6A791517AF1}.Release|x64.ActiveCfg = Release - Final|x64
		{D5F78564-2D21-46A7-8B55-A6A791517AF1}.Release|x64.Build.0 = Release - Final|x64
		{309697C5-62F9-4FB8-98D2-EB0528BE0AE5}.Developer - Debug|x64.ActiveCfg = Developer - Debug|x64
		{309697C5-62F9-4FB8-98D2-EB0528BE0AE5}.Developer - Debug|x64.Build.0 = Developer - Debug|x64
		{309697C5-62F9-4FB8-98D2-EB0528BE0AE5}.Release - Alpha|x64.ActiveCfg = Release - Alpha|x64
		{309697C5-62F9-4FB8-98D2-EB0528BE0AE5}.Release - Alpha|x64.Build.0 = Release - Alpha|x64
		{309697C5-62F9-4FB8-98D2-EB0528BE0AE5}.Release - Beta|x64.ActiveCfg = Release - Beta|x64
		{309697C5-62F9-4FB8-98D2-EB0528BE0AE5}.Release - Beta|x64.Build.0 = Release - Beta|x64
		{309697C5-62F9-4FB8-98D2-EB0528BE0AE5}.Release - Final|x64.ActiveCfg = Release - Final|x64
		{309697C5-62F9-4FB8-98D2-EB0528BE0AE5}.Release - Final|x64.Build.0 = Release - Final|x64
		{309697C5-62F9-4FB8-98D2-EB0528BE0AE5}.Release|x64.ActiveCfg = Release - Final|x64
		{309697C5-62F9-4FB8-98D2-EB0528BE0AE5}.Release|x64.Build.0 = Release - Final|x64
		{79FBD402-C22F-482F-B289-85D7FD44DCCF}.Developer - Debug|x64.ActiveCfg = Developer - Debug|x64
		{79FBD402-C22F-482F-B289-85D7FD44DCCF}.Developer - Debug|x64.Build.0 = Developer - Debug|x64
		{79FBD402-C22F-482F-B289-85D7FD44DCCF}.Release - Alpha|x64.ActiveCfg = Release - Alpha|x64
		{79FBD402-C22F-482F-B289-85D7FD44DCCF}.Release - Alpha|x64.Build.0 = Release - Alpha|x64
		{79FBD402-C22F-482F-B289-85D7FD44DCCF}.Release - Beta|x64.ActiveCfg = Release - Beta|x64
		{79FBD402-C22F-482F-B289-85D7FD44DCCF}.Release - Beta|x64.Build.0 = Release - Beta|x64
		{79FBD402-C22F-482F-B289-85D7FD44DCCF}.Release - Final|x64.ActiveCfg = Release - Final|x64
		{79FBD402-C22F-482F-B289-85D7FD44DCCF}.Release - Final|x64.Build.0 = Release - Final|x64
		{79FBD402-C22F-482F-B289-85D7FD44DCCF}.Release|x64.ActiveCfg = Release - Final|x64
		{79FBD402-C22F-482F-B289-85D7FD44DCCF}.Release|x64.Build.0 = Release - Final|x64
		{7C21EF26-CE4F-4FB0-812E-6862A9CDA7A3}.Developer - Debug|x64.ActiveCfg = Developer - Debug|x64
		{7C21EF26-CE4F-4FB0-812E-6862A9CDA7A3}.Developer - Debug|x64.Build.0 = Developer - Debug|x64
		{7C21EF26-CE4F-4FB0-812E-6862A9CDA7A3}.Release - Alpha|x64.ActiveCfg = Release - Alpha|x64
		{7C21EF26-CE4F-4FB0-812E-6862A9CDA7A3}.Release - Alpha|x64.Build.0 = Release - Alpha|x64
		{7C21EF26-CE4F-4FB0-812E-6862A9CDA7A3}.Release - Beta|x64.ActiveCfg = Release - Beta|x64
		{7C21EF26-CE4F-4FB0-812E-6862A9CDA7A3}.Release - Beta|x64.Build.0 = Release - Beta|x64
		{7C21EF26-CE4F-4FB0-812E-6862A9CDA7A3}.Release - Final|x64.ActiveCfg = Release - Final|x64
		{7C21EF26-CE4F-4FB0-812E-6862A9CDA7A3}.Release - Final|x64.Build.0 = Release - Final|x64
		{7C21EF26-CE4F-4FB0-812E-6862A9CDA7A3}.Release|x64.ActiveCfg = Release - Final|x64
		{7C21EF26-CE4F-4FB0-812E-6862A9CDA7A3}.Release|x64.Build.0 = Release - Final|x64
		{712463CE-5B7D-4F61-B760-00012BC9174A}.Developer - Debug|x64.ActiveCfg = Developer - Debug|x64
		{712463CE-5B7D-4F61-B760-00012BC9174A}.Developer - Debug|x64.Build.0 = Developer - Debug|x64
		{712463CE-5B7D-4F61-B760-00012BC9174A}.Release - Alpha|x64.ActiveCfg = Release - Alpha|x64
		{712463CE-5B7D-4F61-B760-00012BC9174A}.Release - Alpha|x64.Build.0 = Release - Alpha|x64
		{712463CE-5B7D-4F61-B760-00012BC9174A}.Release - Beta|x64.ActiveCfg = Release - Beta|x64
		{712463CE-5B7D-4F61-B760-00012BC9174A}.Release - Beta|x64.Build.0 = Release - Beta|x64
		{712463CE-5B7D-4F61-B760-00012BC9174A}.Release - Final|x64.ActiveCfg = Release - Final|x64
		{712463CE-5B7D-4F61-B760-00012BC9174A}.Release - Final|x64.Build.0 = Release - Final|x64
		{712463CE-5B7D-4F61-B760-00012BC9174A}.Release|x64.ActiveCfg = Release - Alpha|x64
		{712463CE-5B7D-4F61-B760-00012BC9174A}.Release|x64.Build.0 = Release - Alpha|x64
		{21444577-C2B3-46BE-B914-EAEF25C6331F}.Developer - Debug|x64.ActiveCfg = Developer - Debug|x64
		{21444577-C2B3-46BE-B914-EAEF25C6331F}.Developer - Debug|x64.Build.0 = Developer - Debug|x64
		{21444577-C2B3-46BE-B914-EAEF25C6331F}.Release - Alpha|x64.ActiveCfg = Release - Alpha|x64
		{21444577-C2B3-46BE-B914-EAEF25C6331F}.Release - Alpha|x64.Build.0 = Release - Alpha|x64
		{21444577-C2B3-46BE-B914-EAEF25C6331F}.Release - Beta|x64.ActiveCfg = Release - Beta|x64
		{21444577-C2B3-46BE-B914-EAEF25C6331F}.Release - Beta|x64.Build.0 = Release - Beta|x64
		{21444577-C2B3-46BE-B914-EAEF25C6331F}.Release - Final|x64.ActiveCfg = Release - Final|x64
		{21444577-C2B3-46BE-B914-EAEF25C6331F}.Release - Final|x64.Build.0 = Release - Final|x64
		{21444577-C2B3-46BE-B914-EAEF25C6331F}.Release|x64.ActiveCfg = Release - Alpha|x64
		{21444577-C2B3-46BE-B914-EAEF25C6331F}.Release|x64.Build.0 = Release - Alpha|x64
		{B1FE3166-BBD2-4112-8618-1C5587E32CC4}.Developer - Debug|x64.ActiveCfg = Developer - Debug|x64
		{B1FE3166-BBD2-4112-8618-1C5587E32CC4}.Developer - Debug|x64.Build.0 = Developer - Debug|x64
		{B1FE3166-BBD2-4112-8618-1C5587E32CC4}.Release - Alpha|x64.ActiveCfg = Release - Alpha|x64
		{B1FE3166-BBD2-4112-8618-1C5587E32CC4}.Release - Alpha|x64.Build.0 = Release - Alpha|x64
		{B1FE3166-BBD2-4112-8618-1C5587E32CC4}.Release - Beta|x64.ActiveCfg = Release - Beta|x64
		{B1FE3166-BBD2-4112-8618-1C5587E32CC4}.Release - Beta|x64.Build.0 = Release - Beta|x64
		{B1FE3166-BBD2-4112-8618-1C5587E32CC4}.Release - Final|x64.ActiveCfg = Release - Final|x64
		{B1FE3166-BBD2-4112-8618-1C5587E32CC4}.Release - Final|x64.Build.0 = Release - Final|x64
		{B1FE3166-BBD2-4112-8618-1C5587E32CC4}.Release|x64.ActiveCfg = Release - Alpha|x64
		{B1FE3166-BBD2-4112-8618-1C5587E32CC4}.Release|x64.Build.0 = Release - Alpha|x64
		{FE2D780C-8FBC-4797-9ACD-05DE2507F1AA}.Developer - Debug|x64.ActiveCfg = Developer - Debug|x64
		{FE2D780C-8FBC-4797-9ACD-05DE2507F1AA}.Developer - Debug|x64.Build.0 = Developer - Debug|x64
		{FE2D780C-8FBC-4797-9ACD-05DE2507F1AA}.Release - Alpha|x64.ActiveCfg = Release - Alpha|x64
		{FE2D780C-8FBC-4797-9ACD-05DE2507F1AA}.Release - Alpha|x64.Build.0 = Release - Alpha|x64
		{FE2D780C-8FBC-4797-9ACD-05DE2507F1AA}.Release - Beta|x64.ActiveCfg = Release - Beta|x64
		{FE2D780C-8FBC-4797-9ACD-05DE2507F1AA}.Release - Beta|x64.Build.0 = Release - Beta|x64
		{FE2D780C-8FBC-4797-9ACD-05DE2507F1AA}.Release - Final|x64.ActiveCfg = Release - Final|x64
		{FE2D780C-8FBC-4797-9ACD-05DE2507F1AA}.Release - Final|x64.Build.0 = Release - Final|x64
		{FE2D780C-8FBC-4797-9ACD-05DE2507F1AA}.Release|x64.ActiveCfg = Release - Alpha|x64
		{FE2D780C-8FBC-4797-9ACD-05DE2507F1AA}.Release|x64.Build.0 = Release - Alpha|x64
		{7F280BF3-F794-4715-9D32-770D36454B8C}.Developer - Debug|x64.ActiveCfg = Developer - Debug|x64
		{7F280BF3-F794-4715-9D32-770D36454B8C}.Developer - Debug|x64.Build.0 = Developer - Debug|x64
		{7F280BF3-F794-4715-9D32-770D36454B8C}.Release - Alpha|x64.ActiveCfg = Release - Alpha|x64
		{7F280BF3-F794-4715-9D32-770D36454B8C}.Release - Alpha|x64.Build.0 = Release - Alpha|x64
		{7F280BF3-F794-4715-9D32-770D36454B8C}.Release - Beta|x64.ActiveCfg = Release - Beta|x64
		{7F280BF3-F794-4715-9D32-770D36454B8C}.Release - Beta|x64.Build.0 = Release - Beta|x64
		{7F280BF3-F794-4715-9D32-770D36454B8C}.Release - Final|x64.ActiveCfg = Release - Final|x64
		{7F280BF3-F794-4715-9D32-770D36454B8C}.Release - Final|x64.Build.0 = Release - Final|x64
		{7F280BF3-F794-4715-9D32-770D36454B8C}.Release|x64.ActiveCfg = Release - Alpha|x64
		{7F280BF3-F794-4715-9D32-770D36454B8C}.Release|x64.Build.0 = Release - Alpha|x64
		{500ACAB7-D948-4BCA-8208-20812D712DDB}.Developer - Debug|x64.ActiveCfg = Developer - Debug|x64
		{500ACAB7-D948-4BCA-8208-20812D712DDB}.Developer - Debug|x64.Build.0 = Developer - Debug|x64
		{500ACAB7-D948-4BCA-8208-20812D712DDB}.Release - Alpha|x64.ActiveCfg = Release - Alpha|x64
		{500ACAB7-D948-4BCA-8208-20812D712DDB}.Release - Alpha|x64.Build.0 = Release - Alpha|x64
		{500ACAB7-D948-4BCA-8208-20812D712DDB}.Release - Beta|x64.ActiveCfg = Release - Beta|x64
		{500ACAB7-D948-4BCA-8208-20812D712DDB}.Release - Beta|x64.Build.0 = Release - Beta|x64
		{500ACAB7-D948-4BCA-8208-20812D712DDB}.Release - Final|x64.ActiveCfg = Release - Final|x64
		{500ACAB7-D948-4BCA-8208-20812D712DDB}.Release - Final|x64.Build.0 = Release - Final|x64
		{500ACAB7-D948-4BCA-8208-20812D712DDB}.Release|x64.ActiveCfg = Release - Final|x64
		{500ACAB7-D948-4BCA-8208-20812D712DDB}.Release|x64.Build.0 = Release - Final|x64
	EndGlobalSection
	GlobalSection(SolutionProperties) = preSolution
		HideSolutionNode = FALSE
	EndGlobalSection
	GlobalSection(NestedProjects) = preSolution
		{29189DBC-1D9C-4760-960E-805B60211401} = {492048B6-848D-4675-A9BF-34A4751303F2}
		{5FDD1243-084E-42DC-99BB-394A169D988F} = {492048B6-848D-4675-A9BF-34A4751303F2}
		{3EBC36B1-024A-44EB-B0DB-607DD7FCEE6C} = {B8E215D1-2B8D-4843-841B-92EE1FFBF487}
		{B8E215D1-2B8D-4843-841B-92EE1FFBF487} = {492048B6-848D-4675-A9BF-34A4751303F2}
		{4B612468-9B6A-4304-88A5-055C3575EB3D} = {492048B6-848D-4675-A9BF-34A4751303F2}
		{A2D3114B-9FAA-4D22-9125-2C03BDE6408B} = {B8E215D1-2B8D-4843-841B-92EE1FFBF487}
		{0AB616AC-7CDB-43E7-9A11-1527513D4BC1} = {B8E215D1-2B8D-4843-841B-92EE1FFBF487}
		{2D766A08-96B7-41E2-BA5B-593B41BA2C68} = {B8E215D1-2B8D-4843-841B-92EE1FFBF487}
		{11380487-42A8-4591-A7D1-2A8B97C2691E} = {B8E215D1-2B8D-4843-841B-92EE1FFBF487}
		{DE2C1882-B1C0-4E96-82EF-C44BAD7618B9} = {492048B6-848D-4675-A9BF-34A4751303F2}
		{92819366-9759-40A6-BF14-215DCB401C43} = {492048B6-848D-4675-A9BF-34A4751303F2}
		{2C1E1655-8314-48CE-A4A9-926042987492} = {492048B6-848D-4675-A9BF-34A4751303F2}
		{9F7D3869-6036-4A87-A690-47A79462589A} = {492048B6-848D-4675-A9BF-34A4751303F2}
		{9CECA009-83F2-4667-98C5-C6C2204FC56B} = {492048B6-848D-4675-A9BF-34A4751303F2}
		{644B0609-9B25-4D54-BDC9-E3C602487981} = {492048B6-848D-4675-A9BF-34A4751303F2}
		{4A4CF97E-C380-4A61-AFCA-72ADF7008E2E} = {492048B6-848D-4675-A9BF-34A4751303F2}
		{A5C604C2-F88C-47D8-995D-FE15266EDD0E} = {492048B6-848D-4675-A9BF-34A4751303F2}
		{31FB80CC-D822-4FBF-98CF-9E987AC71817} = {492048B6-848D-4675-A9BF-34A4751303F2}
		{AC8B2062-B0A3-4ED0-87C9-D25F3BC77D98} = {492048B6-848D-4675-A9BF-34A4751303F2}
		{0F593023-2F5C-443C-B36D-D3C978051006} = {492048B6-848D-4675-A9BF-34A4751303F2}
		{89FDF735-BFEA-4442-8F3E-EAAFAB8B383D} = {492048B6-848D-4675-A9BF-34A4751303F2}
		{32FB5181-E840-4CD9-90EF-D76272BDA860} = {B8E215D1-2B8D-4843-841B-92EE1FFBF487}
		{765493A2-5153-4A21-BE5D-B5549265DC0B} = {492048B6-848D-4675-A9BF-34A4751303F2}
		{E02E0D3F-A73F-4875-B85D-2FC9144553EA} = {492048B6-848D-4675-A9BF-34A4751303F2}
		{D5F78564-2D21-46A7-8B55-A6A791517AF1} = {492048B6-848D-4675-A9BF-34A4751303F2}
		{309697C5-62F9-4FB8-98D2-EB0528BE0AE5} = {492048B6-848D-4675-A9BF-34A4751303F2}
		{79FBD402-C22F-482F-B289-85D7FD44DCCF} = {492048B6-848D-4675-A9BF-34A4751303F2}
		{7C21EF26-CE4F-4FB0-812E-6862A9CDA7A3} = {492048B6-848D-4675-A9BF-34A4751303F2}
		{712463CE-5B7D-4F61-B760-00012BC9174A} = {492048B6-848D-4675-A9BF-34A4751303F2}
		{21444577-C2B3-46BE-B914-EAEF25C6331F} = {492048B6-848D-4675-A9BF-34A4751303F2}
		{B1FE3166-BBD2-4112-8618-1C5587E32CC4} = {492048B6-848D-4675-A9BF-34A4751303F2}
		{FE2D780C-8FBC-4797-9ACD-05DE2507F1AA} = {492048B6-848D-4675-A9BF-34A4751303F2}
		{7F280BF3-F794-4715-9D32-770D36454B8C} = {492048B6-848D-4675-A9BF-34A4751303F2}
	EndGlobalSection
	GlobalSection(ExtensibilityGlobals) = postSolution
		SolutionGuid = {C0B22EF1-4C3F-45B9-9F08-9793ED912199}
	EndGlobalSection
EndGlobal
